{
  "name": "children",
  "lockfileVersion": 2,
  "requires": true,
  "packages": {
    "": {
      "dependencies": {
        "font-awesome": "^4.7.0",
        "glyphicons": "^0.2.0"
      }
    },
    "node_modules/font-awesome": {
      "version": "4.7.0",
      "resolved": "https://registry.npmjs.org/font-awesome/-/font-awesome-4.7.0.tgz",
      "integrity": "sha512-U6kGnykA/6bFmg1M/oT9EkFeIYv7JlX3bozwQJWiiLz6L0w3F5vBVPxHlwyX/vtNq1ckcpRKOB9f2Qal/VtFpg==",
      "engines": {
        "node": ">=0.10.3"
      }
    },
    "node_modules/glyphicons": {
      "version": "0.2.0",
      "resolved": "https://registry.npmjs.org/glyphicons/-/glyphicons-0.2.0.tgz",
      "integrity": "sha512-CgsPMSvzWGcagrdh+uPz3HswI1SkGUCt4B1WBEO3RrlRG27gNiJk+/Z54Dn2AzAN6YV1wp+Ox8oXGTNgoO5vhw=="
    }
  },
  "dependencies": {
    "font-awesome": {
      "version": "4.7.0",
      "resolved": "https://registry.npmjs.org/font-awesome/-/font-awesome-4.7.0.tgz",
      "integrity": "sha512-U6kGnykA/6bFmg1M/oT9EkFeIYv7JlX3bozwQJWiiLz6L0w3F5vBVPxHlwyX/vtNq1ckcpRKOB9f2Qal/VtFpg=="
    },
    "glyphicons": {
      "version": "0.2.0",
      "resolved": "https://registry.npmjs.org/glyphicons/-/glyphicons-0.2.0.tgz",
      "integrity": "sha512-CgsPMSvzWGcagrdh+uPz3HswI1SkGUCt4B1WBEO3RrlRG27gNiJk+/Z54Dn2AzAN6YV1wp+Ox8oXGTNgoO5vhw=="
    }
  }
}
